
Microsoft Visual Studio Solution File, Format Version 12.00
# Visual Studio Version 17
VisualStudioVersion = 17.0.31903.59
MinimumVisualStudioVersion = 10.0.40219.1
Project("{2150E333-8FDC-42A3-9474-1A3956D46DE8}") = "0-console", "0-console", "{84ECF7F3-039B-4A37-B080-DE224C68E21B}"
EndProject
Project("{FAE04EC0-301F-11D3-BF4B-00C04F79EFBC}") = "TestConsole", "0-console\TestConsole\TestConsole.csproj", "{E92DB86E-04DA-45C5-8228-F69474A542D3}"
EndProject
Global
	GlobalSection(SolutionConfigurationPlatforms) = preSolution
		Debug|Any CPU = Debug|Any CPU
		Release|Any CPU = Release|Any CPU
	EndGlobalSection
	GlobalSection(SolutionProperties) = preSolution
		HideSolutionNode = FALSE
	EndGlobalSection
	GlobalSection(ProjectConfigurationPlatforms) = postSolution
		{E92DB86E-04DA-45C5-8228-F69474A542D3}.Debug|Any CPU.ActiveCfg = Debug|Any CPU
		{E92DB86E-04DA-45C5-8228-F69474A542D3}.Debug|Any CPU.Build.0 = Debug|Any CPU
		{E92DB86E-04DA-45C5-8228-F69474A542D3}.Release|Any CPU.ActiveCfg = Release|Any CPU
		{E92DB86E-04DA-45C5-8228-F69474A542D3}.Release|Any CPU.Build.0 = Release|Any CPU
	EndGlobalSection
	GlobalSection(NestedProjects) = preSolution
		{E92DB86E-04DA-45C5-8228-F69474A542D3} = {84ECF7F3-039B-4A37-B080-DE224C68E21B}
	EndGlobalSection
EndGlobal
